
Microsoft Visual Studio Solution File, Format Version 12.00
# Visual Studio Version 17
VisualStudioVersion = 17.0.32014.148
MinimumVisualStudioVersion = 10.0.40219.1
Project("{FAE04EC0-301F-11D3-BF4B-00C04F79EFBC}") = "ApiEndpointStructureTest", "ApiEndpointStructureTest.csproj", "{C492A58F-6A12-4FE3-975E-44E098256CAA}"
EndProject
Global
	GlobalSection(SolutionConfigurationPlatforms) = preSolution
		Debug|Any CPU = Debug|Any CPU
		Release|Any CPU = Release|Any CPU
	EndGlobalSection
	GlobalSection(ProjectConfigurationPlatforms) = postSolution
		{C492A58F-6A12-4FE3-975E-44E098256CAA}.Debug|Any CPU.ActiveCfg = Debug|Any CPU
		{C492A58F-6A12-4FE3-975E-44E098256CAA}.Debug|Any CPU.Build.0 = Debug|Any CPU
		{C492A58F-6A12-4FE3-975E-44E098256CAA}.Release|Any CPU.ActiveCfg = Release|Any CPU
		{C492A58F-6A12-4FE3-975E-44E098256CAA}.Release|Any CPU.Build.0 = Release|Any CPU
	EndGlobalSection
	GlobalSection(SolutionProperties) = preSolution
		HideSolutionNode = FALSE
	EndGlobalSection
	GlobalSection(ExtensibilityGlobals) = postSolution
		SolutionGuid = {7332550B-A435-4A67-8C89-539A19B50A68}
	EndGlobalSection
EndGlobal
